# THIS IS AN AUTOGENERATED FILE. DO NOT EDIT THIS FILE DIRECTLY.
# yarn lockfile v1


"lin-ui@^0.9.13":
  "integrity" "sha512-RFRq1D+jCkhFzVCe/Y4C/NnWEK21ZiY961/HJR3mHmHmdq5IkrNBt/39WsUuWcDPty48WaY/3IipOPBBD+7ttw=="
  "resolved" "https://r.cnpmjs.org/lin-ui/-/lin-ui-0.9.13.tgz"
  "version" "0.9.13"

"miniprogram-api-typings@^3.12.2":
  "integrity" "sha512-OJB2uVAfhycX4teG/zEVpoThushQqLOx946XACDpVc6OQydiJWjn7djVzvNCbv0VOA7sbHGPQp/RkXD9vMCDEw=="
  "resolved" "https://registry.npmjs.org/miniprogram-api-typings/-/miniprogram-api-typings-3.12.2.tgz"
  "version" "3.12.2"
